
Microsoft Visual Studio Solution File, Format Version 12.00
# Visual Studio Version 17
VisualStudioVersion = 17.3.32804.467
MinimumVisualStudioVersion = 10.0.40219.1
Project("{9A19103F-16F7-4668-BE54-9A1E7A4F7556}") = "OnlineSinav.Data", "OnlineSinav.Data\OnlineSinav.Data.csproj", "{93F7A2EA-65A5-4BD3-B80A-E8BBE55B422F}"
EndProject
Project("{9A19103F-16F7-4668-BE54-9A1E7A4F7556}") = "OnlineSinav.ViewModels", "OnlineSinav.ViewModels\OnlineSinav.ViewModels.csproj", "{BBEF7B9D-92D1-4379-9A8E-F43EF60842F3}"
EndProject
Project("{FAE04EC0-301F-11D3-BF4B-00C04F79EFBC}") = "OnlineSinav.BLL", "OnlineSinav.BLL\OnlineSinav.BLL.csproj", "{BAD1D5FE-8E35-4BD5-A93F-71CEF3A9F380}"
EndProject
Global
	GlobalSection(SolutionConfigurationPlatforms) = preSolution
		Debug|Any CPU = Debug|Any CPU
		Release|Any CPU = Release|Any CPU
	EndGlobalSection
	GlobalSection(ProjectConfigurationPlatforms) = postSolution
		{93F7A2EA-65A5-4BD3-B80A-E8BBE55B422F}.Debug|Any CPU.ActiveCfg = Debug|Any CPU
		{93F7A2EA-65A5-4BD3-B80A-E8BBE55B422F}.Debug|Any CPU.Build.0 = Debug|Any CPU
		{93F7A2EA-65A5-4BD3-B80A-E8BBE55B422F}.Release|Any CPU.ActiveCfg = Release|Any CPU
		{93F7A2EA-65A5-4BD3-B80A-E8BBE55B422F}.Release|Any CPU.Build.0 = Release|Any CPU
		{BBEF7B9D-92D1-4379-9A8E-F43EF60842F3}.Debug|Any CPU.ActiveCfg = Debug|Any CPU
		{BBEF7B9D-92D1-4379-9A8E-F43EF60842F3}.Debug|Any CPU.Build.0 = Debug|Any CPU
		{BBEF7B9D-92D1-4379-9A8E-F43EF60842F3}.Release|Any CPU.ActiveCfg = Release|Any CPU
		{BBEF7B9D-92D1-4379-9A8E-F43EF60842F3}.Release|Any CPU.Build.0 = Release|Any CPU
		{BAD1D5FE-8E35-4BD5-A93F-71CEF3A9F380}.Debug|Any CPU.ActiveCfg = Debug|Any CPU
		{BAD1D5FE-8E35-4BD5-A93F-71CEF3A9F380}.Debug|Any CPU.Build.0 = Debug|Any CPU
		{BAD1D5FE-8E35-4BD5-A93F-71CEF3A9F380}.Release|Any CPU.ActiveCfg = Release|Any CPU
		{BAD1D5FE-8E35-4BD5-A93F-71CEF3A9F380}.Release|Any CPU.Build.0 = Release|Any CPU
	EndGlobalSection
	GlobalSection(SolutionProperties) = preSolution
		HideSolutionNode = FALSE
	EndGlobalSection
	GlobalSection(ExtensibilityGlobals) = postSolution
		SolutionGuid = {275CEFB9-0E95-466E-932F-0D25E9C964E0}
	EndGlobalSection
EndGlobal
